
Microsoft Visual Studio Solution File, Format Version 12.00
# Visual Studio Version 17
VisualStudioVersion = 17.6.33723.286
MinimumVisualStudioVersion = 10.0.40219.1
Project("{FAE04EC0-301F-11D3-BF4B-00C04F79EFBC}") = "Ejercicio2", "Ejercicio2\Ejercicio2.csproj", "{7C8603CB-95FC-4FC5-821D-3785A6A854FE}"
EndProject
Project("{FAE04EC0-301F-11D3-BF4B-00C04F79EFBC}") = "Ejercicio1", "Ejercicio1\Ejercicio1.csproj", "{1CDB72FC-8300-4A51-99CC-F51962A373FE}"
EndProject
Project("{FAE04EC0-301F-11D3-BF4B-00C04F79EFBC}") = "Ejercicio3", "Ejercicio3\Ejercicio3.csproj", "{6E8D4FDE-8207-401E-9C21-ACF79915A14F}"
EndProject
Global
	GlobalSection(SolutionConfigurationPlatforms) = preSolution
		Debug|Any CPU = Debug|Any CPU
		Release|Any CPU = Release|Any CPU
	EndGlobalSection
	GlobalSection(ProjectConfigurationPlatforms) = postSolution
		{7C8603CB-95FC-4FC5-821D-3785A6A854FE}.Debug|Any CPU.ActiveCfg = Debug|Any CPU
		{7C8603CB-95FC-4FC5-821D-3785A6A854FE}.Debug|Any CPU.Build.0 = Debug|Any CPU
		{7C8603CB-95FC-4FC5-821D-3785A6A854FE}.Release|Any CPU.ActiveCfg = Release|Any CPU
		{7C8603CB-95FC-4FC5-821D-3785A6A854FE}.Release|Any CPU.Build.0 = Release|Any CPU
		{1CDB72FC-8300-4A51-99CC-F51962A373FE}.Debug|Any CPU.ActiveCfg = Debug|Any CPU
		{1CDB72FC-8300-4A51-99CC-F51962A373FE}.Debug|Any CPU.Build.0 = Debug|Any CPU
		{1CDB72FC-8300-4A51-99CC-F51962A373FE}.Release|Any CPU.ActiveCfg = Release|Any CPU
		{1CDB72FC-8300-4A51-99CC-F51962A373FE}.Release|Any CPU.Build.0 = Release|Any CPU
		{6E8D4FDE-8207-401E-9C21-ACF79915A14F}.Debug|Any CPU.ActiveCfg = Debug|Any CPU
		{6E8D4FDE-8207-401E-9C21-ACF79915A14F}.Debug|Any CPU.Build.0 = Debug|Any CPU
		{6E8D4FDE-8207-401E-9C21-ACF79915A14F}.Release|Any CPU.ActiveCfg = Release|Any CPU
		{6E8D4FDE-8207-401E-9C21-ACF79915A14F}.Release|Any CPU.Build.0 = Release|Any CPU
	EndGlobalSection
	GlobalSection(SolutionProperties) = preSolution
		HideSolutionNode = FALSE
	EndGlobalSection
	GlobalSection(ExtensibilityGlobals) = postSolution
		SolutionGuid = {5E4BAC2D-4DEE-4366-B6D9-A6AAF8D80553}
	EndGlobalSection
EndGlobal
